<?xml version="1.0" encoding="UTF-8"?>
<Scheme
   LastUpgradeVersion = "1330"
   version = "1.3">
   <BuildAction
      parallelizeBuildables = "YES"
      buildImplicitDependencies = "YES">
      <BuildActionEntries>
         <BuildActionEntry
            buildForTesting = "YES"
            buildForRunning = "YES"
            buildForProfiling = "YES"
            buildForArchiving = "YES"
            buildForAnalyzing = "YES">
            <BuildableReference
               BuildableIdentifier = "primary"
               BlueprintIdentifier = "B148A14428811EE40088BECA"
               BuildableName = "Domain.framework"
               BlueprintName = "Domain"
               ReferencedContainer = "container:CleanApp.xcodeproj">
            </BuildableReference>
         </BuildActionEntry>
         <BuildActionEntry
            buildForTesting = "YES"
            buildForRunning = "YES"
            buildForProfiling = "YES"
            buildForArchiving = "YES"
            buildForAnalyzing = "YES">
            <BuildableReference
               BuildableIdentifier = "primary"
               BlueprintIdentifier = "B148A1DC28830E000088BECA"
               BuildableName = "Infra.framework"
               BlueprintName = "Infra"
               ReferencedContainer = "container:CleanApp.xcodeproj">
            </BuildableReference>
         </BuildActionEntry>
         <BuildActionEntry
            buildForTesting = "YES"
            buildForRunning = "YES"
            buildForProfiling = "YES"
            buildForArchiving = "YES"
            buildForAnalyzing = "YES">
            <BuildableReference
               BuildableIdentifier = "primary"
               BlueprintIdentifier = "B148A1E528830E000088BECA"
               BuildableName = "InfraTests.xctest"
               BlueprintName = "InfraTests"
               ReferencedContainer = "container:CleanApp.xcodeproj">
            </BuildableReference>
         </BuildActionEntry>
         <BuildActionEntry
            buildForTesting = "YES"
            buildForRunning = "YES"
            buildForProfiling = "YES"
            buildForArchiving = "YES"
            buildForAnalyzing = "YES">
            <BuildableReference
               BuildableIdentifier = "primary"
               BlueprintIdentifier = "B148A19E2881231F0088BECA"
               BuildableName = "Data.framework"
               BlueprintName = "Data"
               ReferencedContainer = "container:CleanApp.xcodeproj">
            </BuildableReference>
         </BuildActionEntry>
         <BuildActionEntry
            buildForTesting = "YES"
            buildForRunning = "YES"
            buildForProfiling = "YES"
            buildForArchiving = "YES"
            buildForAnalyzing = "YES">
            <BuildableReference
               BuildableIdentifier = "primary"
               BlueprintIdentifier = "B148A1A72881231F0088BECA"
               BuildableName = "DataTests.xctest"
               BlueprintName = "DataTests"
               ReferencedContainer = "container:CleanApp.xcodeproj">
            </BuildableReference>
         </BuildActionEntry>
         <BuildActionEntry
            buildForTesting = "YES"
            buildForRunning = "YES"
            buildForProfiling = "YES"
            buildForArchiving = "YES"
            buildForAnalyzing = "YES">
            <BuildableReference
               BuildableIdentifier = "primary"
               BlueprintIdentifier = "B148A20C2883565C0088BECA"
               BuildableName = "UseCassesIntegrationTests.xctest"
               BlueprintName = "UseCassesIntegrationTests"
               ReferencedContainer = "container:CleanApp.xcodeproj">
            </BuildableReference>
         </BuildActionEntry>
         <BuildActionEntry
            buildForTesting = "YES"
            buildForRunning = "YES"
            buildForProfiling = "YES"
            buildForArchiving = "YES"
            buildForAnalyzing = "YES">
            <BuildableReference
               BuildableIdentifier = "primary"
               BlueprintIdentifier = "B148A22828842AF50088BECA"
               BuildableName = "PresentationTests.xctest"
               BlueprintName = "PresentationTests"
               ReferencedContainer = "container:CleanApp.xcodeproj">
            </BuildableReference>
         </BuildActionEntry>
         <BuildActionEntry
            buildForTesting = "YES"
            buildForRunning = "YES"
            buildForProfiling = "YES"
            buildForArchiving = "YES"
            buildForAnalyzing = "YES">
            <BuildableReference
               BuildableIdentifier = "primary"
               BlueprintIdentifier = "B148A21F28842AF50088BECA"
               BuildableName = "Presentation.framework"
               BlueprintName = "Presentation"
               ReferencedContainer = "container:CleanApp.xcodeproj">
            </BuildableReference>
         </BuildActionEntry>
         <BuildActionEntry
            buildForTesting = "YES"
            buildForRunning = "YES"
            buildForProfiling = "YES"
            buildForArchiving = "YES"
            buildForAnalyzing = "YES">
            <BuildableReference
               BuildableIdentifier = "primary"
               BlueprintIdentifier = "B148A27F2885704E0088BECA"
               BuildableName = "iOSUITests.xctest"
               BlueprintName = "iOSUITests"
               ReferencedContainer = "container:CleanApp.xcodeproj">
            </BuildableReference>
         </BuildActionEntry>
         <BuildActionEntry
            buildForTesting = "YES"
            buildForRunning = "YES"
            buildForProfiling = "YES"
            buildForArchiving = "YES"
            buildForAnalyzing = "YES">
            <BuildableReference
               BuildableIdentifier = "primary"
               BlueprintIdentifier = "B148A2762885704E0088BECA"
               BuildableName = "iOSUI.framework"
               BlueprintName = "iOSUI"
               ReferencedContainer = "container:CleanApp.xcodeproj">
            </BuildableReference>
         </BuildActionEntry>
         <BuildActionEntry
            buildForTesting = "YES"
            buildForRunning = "YES"
            buildForProfiling = "YES"
            buildForArchiving = "YES"
            buildForAnalyzing = "YES">
            <BuildableReference
               BuildableIdentifier = "primary"
               BlueprintIdentifier = "B10610022886325E0085E371"
               BuildableName = "Validation.framework"
               BlueprintName = "Validation"
               ReferencedContainer = "container:CleanApp.xcodeproj">
            </BuildableReference>
         </BuildActionEntry>
         <BuildActionEntry
            buildForTesting = "YES"
            buildForRunning = "YES"
            buildForProfiling = "YES"
            buildForArchiving = "YES"
            buildForAnalyzing = "YES">
            <BuildableReference
               BuildableIdentifier = "primary"
               BlueprintIdentifier = "B106100B2886325E0085E371"
               BuildableName = "ValidationTests.xctest"
               BlueprintName = "ValidationTests"
               ReferencedContainer = "container:CleanApp.xcodeproj">
            </BuildableReference>
         </BuildActionEntry>
      </BuildActionEntries>
   </BuildAction>
   <TestAction
      buildConfiguration = "Debug"
      selectedDebuggerIdentifier = "Xcode.DebuggerFoundation.Debugger.LLDB"
      selectedLauncherIdentifier = "Xcode.DebuggerFoundation.Launcher.LLDB"
      shouldUseLaunchSchemeArgsEnv = "YES"
      codeCoverageEnabled = "YES"
      onlyGenerateCoverageForSpecifiedTargets = "YES">
      <CodeCoverageTargets>
         <BuildableReference
            BuildableIdentifier = "primary"
            BlueprintIdentifier = "B148A19E2881231F0088BECA"
            BuildableName = "Data.framework"
            BlueprintName = "Data"
            ReferencedContainer = "container:CleanApp.xcodeproj">
         </BuildableReference>
         <BuildableReference
            BuildableIdentifier = "primary"
            BlueprintIdentifier = "B148A14428811EE40088BECA"
            BuildableName = "Domain.framework"
            BlueprintName = "Domain"
            ReferencedContainer = "container:CleanApp.xcodeproj">
         </BuildableReference>
         <BuildableReference
            BuildableIdentifier = "primary"
            BlueprintIdentifier = "B148A1DC28830E000088BECA"
            BuildableName = "Infra.framework"
            BlueprintName = "Infra"
            ReferencedContainer = "container:CleanApp.xcodeproj">
         </BuildableReference>
         <BuildableReference
            BuildableIdentifier = "primary"
            BlueprintIdentifier = "B148A21F28842AF50088BECA"
            BuildableName = "Presentation.framework"
            BlueprintName = "Presentation"
            ReferencedContainer = "container:CleanApp.xcodeproj">
         </BuildableReference>
      </CodeCoverageTargets>
      <Testables>
         <TestableReference
            skipped = "NO"
            testExecutionOrdering = "random">
            <BuildableReference
               BuildableIdentifier = "primary"
               BlueprintIdentifier = "B148A1A72881231F0088BECA"
               BuildableName = "DataTests.xctest"
               BlueprintName = "DataTests"
               ReferencedContainer = "container:CleanApp.xcodeproj">
            </BuildableReference>
         </TestableReference>
         <TestableReference
            skipped = "NO">
            <BuildableReference
               BuildableIdentifier = "primary"
               BlueprintIdentifier = "B148A1E528830E000088BECA"
               BuildableName = "InfraTests.xctest"
               BlueprintName = "InfraTests"
               ReferencedContainer = "container:CleanApp.xcodeproj">
            </BuildableReference>
         </TestableReference>
         <TestableReference
            skipped = "NO"
            testExecutionOrdering = "random">
            <BuildableReference
               BuildableIdentifier = "primary"
               BlueprintIdentifier = "B148A20C2883565C0088BECA"
               BuildableName = "UseCassesIntegrationTests.xctest"
               BlueprintName = "UseCassesIntegrationTests"
               ReferencedContainer = "container:CleanApp.xcodeproj">
            </BuildableReference>
         </TestableReference>
         <TestableReference
            skipped = "NO"
            testExecutionOrdering = "random">
            <BuildableReference
               BuildableIdentifier = "primary"
               BlueprintIdentifier = "B148A22828842AF50088BECA"
               BuildableName = "PresentationTests.xctest"
               BlueprintName = "PresentationTests"
               ReferencedContainer = "container:CleanApp.xcodeproj">
            </BuildableReference>
         </TestableReference>
         <TestableReference
            skipped = "NO">
            <BuildableReference
               BuildableIdentifier = "primary"
               BlueprintIdentifier = "B148A27F2885704E0088BECA"
               BuildableName = "iOSUITests.xctest"
               BlueprintName = "iOSUITests"
               ReferencedContainer = "container:CleanApp.xcodeproj">
            </BuildableReference>
         </TestableReference>
         <TestableReference
            skipped = "NO"
            testExecutionOrdering = "random">
            <BuildableReference
               BuildableIdentifier = "primary"
               BlueprintIdentifier = "B106100B2886325E0085E371"
               BuildableName = "ValidationTests.xctest"
               BlueprintName = "ValidationTests"
               ReferencedContainer = "container:CleanApp.xcodeproj">
            </BuildableReference>
         </TestableReference>
      </Testables>
   </TestAction>
   <LaunchAction
      buildConfiguration = "Debug"
      selectedDebuggerIdentifier = "Xcode.DebuggerFoundation.Debugger.LLDB"
      selectedLauncherIdentifier = "Xcode.DebuggerFoundation.Launcher.LLDB"
      launchStyle = "0"
      useCustomWorkingDirectory = "NO"
      ignoresPersistentStateOnLaunch = "NO"
      debugDocumentVersioning = "YES"
      debugServiceExtension = "internal"
      allowLocationSimulation = "YES">
   </LaunchAction>
   <ProfileAction
      buildConfiguration = "Release"
      shouldUseLaunchSchemeArgsEnv = "YES"
      savedToolIdentifier = ""
      useCustomWorkingDirectory = "NO"
      debugDocumentVersioning = "YES">
      <MacroExpansion>
         <BuildableReference
            BuildableIdentifier = "primary"
            BlueprintIdentifier = "B148A14428811EE40088BECA"
            BuildableName = "Domain.framework"
            BlueprintName = "Domain"
            ReferencedContainer = "container:CleanApp.xcodeproj">
         </BuildableReference>
      </MacroExpansion>
   </ProfileAction>
   <AnalyzeAction
      buildConfiguration = "Debug">
   </AnalyzeAction>
   <ArchiveAction
      buildConfiguration = "Release"
      revealArchiveInOrganizer = "YES">
   </ArchiveAction>
</Scheme>
