// !$*UTF8*$!
{
	archiveVersion = 1;
	classes = {
	};
	objectVersion = 55;
	objects = {

/* Begin PBXBuildFile section */
		B148A14928811EE40088BECA /* Domain.docc in Sources */ = {isa = PBXBuildFile; fileRef = B148A14828811EE40088BECA /* Domain.docc */; };
		B148A14F288120280088BECA /* AddAccount.swift in Sources */ = {isa = PBXBuildFile; fileRef = B148A14E288120280088BECA /* AddAccount.swift */; };
		B148A151288121830088BECA /* AccountModel.swift in Sources */ = {isa = PBXBuildFile; fileRef = B148A150288121830088BECA /* AccountModel.swift */; };
		B148A1532881219C0088BECA /* AddAccountModel.swift in Sources */ = {isa = PBXBuildFile; fileRef = B148A1522881219C0088BECA /* AddAccountModel.swift */; };
		B148A1A32881231F0088BECA /* Data.docc in Sources */ = {isa = PBXBuildFile; fileRef = B148A1A22881231F0088BECA /* Data.docc */; };
		B148A1A92881231F0088BECA /* Data.framework in Frameworks */ = {isa = PBXBuildFile; fileRef = B148A19F2881231F0088BECA /* Data.framework */; };
		B148A1AE2881231F0088BECA /* RemoteAddAccountTests.swift in Sources */ = {isa = PBXBuildFile; fileRef = B148A1AD2881231F0088BECA /* RemoteAddAccountTests.swift */; };
		B148A1B7288123590088BECA /* Domain.framework in Frameworks */ = {isa = PBXBuildFile; fileRef = B148A14528811EE40088BECA /* Domain.framework */; };
		B148A1B8288123590088BECA /* Domain.framework in Embed Frameworks */ = {isa = PBXBuildFile; fileRef = B148A14528811EE40088BECA /* Domain.framework */; settings = {ATTRIBUTES = (CodeSignOnCopy, RemoveHeadersOnCopy, ); }; };
		B148A1BE288135400088BECA /* Model.swift in Sources */ = {isa = PBXBuildFile; fileRef = B148A1BD288135400088BECA /* Model.swift */; };
		B148A1C0288135EB0088BECA /* RemoteAddAccount.swift in Sources */ = {isa = PBXBuildFile; fileRef = B148A1BF288135EB0088BECA /* RemoteAddAccount.swift */; };
		B148A1C2288136180088BECA /* HTTPPostClient.swift in Sources */ = {isa = PBXBuildFile; fileRef = B148A1C1288136180088BECA /* HTTPPostClient.swift */; };
		B148A1C42881363D0088BECA /* HTTPClientSpy.swift in Sources */ = {isa = PBXBuildFile; fileRef = B148A1C32881363D0088BECA /* HTTPClientSpy.swift */; };
		B148A1CC2881414F0088BECA /* DomainError.swift in Sources */ = {isa = PBXBuildFile; fileRef = B148A1CB2881414F0088BECA /* DomainError.swift */; };
		B148A1D0288143240088BECA /* HTTPErrors.swift in Sources */ = {isa = PBXBuildFile; fileRef = B148A1CF288143240088BECA /* HTTPErrors.swift */; };
		B148A1D3288302D80088BECA /* XCTestCase+Extensions.swift in Sources */ = {isa = PBXBuildFile; fileRef = B148A1D2288302D80088BECA /* XCTestCase+Extensions.swift */; };
		B148A1D5288303430088BECA /* TestFactories.swift in Sources */ = {isa = PBXBuildFile; fileRef = B148A1D4288303430088BECA /* TestFactories.swift */; };
		B148A1D7288303AC0088BECA /* AccountModelFactory.swift in Sources */ = {isa = PBXBuildFile; fileRef = B148A1D6288303AC0088BECA /* AccountModelFactory.swift */; };
		B148A1E128830E000088BECA /* Infra.docc in Sources */ = {isa = PBXBuildFile; fileRef = B148A1E028830E000088BECA /* Infra.docc */; };
		B148A1E728830E000088BECA /* Infra.framework in Frameworks */ = {isa = PBXBuildFile; fileRef = B148A1DD28830E000088BECA /* Infra.framework */; };
		B148A1F628830EBB0088BECA /* AlamofireAdapterTest.swift in Sources */ = {isa = PBXBuildFile; fileRef = B148A1EB28830E000088BECA /* AlamofireAdapterTest.swift */; };
		B148A1F7288310030088BECA /* Data.framework in Frameworks */ = {isa = PBXBuildFile; fileRef = B148A19F2881231F0088BECA /* Data.framework */; };
		B148A1F8288310030088BECA /* Data.framework in Embed Frameworks */ = {isa = PBXBuildFile; fileRef = B148A19F2881231F0088BECA /* Data.framework */; settings = {ATTRIBUTES = (CodeSignOnCopy, RemoveHeadersOnCopy, ); }; };
		B148A1FC288310210088BECA /* TestFactories.swift in Sources */ = {isa = PBXBuildFile; fileRef = B148A1D4288303430088BECA /* TestFactories.swift */; };
		B148A1FD288310270088BECA /* XCTestCase+Extensions.swift in Sources */ = {isa = PBXBuildFile; fileRef = B148A1D2288302D80088BECA /* XCTestCase+Extensions.swift */; };
		B148A202288311110088BECA /* Alamofire in Frameworks */ = {isa = PBXBuildFile; productRef = B148A201288311110088BECA /* Alamofire */; };
		B148A20528834BE20088BECA /* AlamofireAdapter.swift in Sources */ = {isa = PBXBuildFile; fileRef = B148A20428834BE20088BECA /* AlamofireAdapter.swift */; };
		B148A20728834C3C0088BECA /* URLProtocolStub.swift in Sources */ = {isa = PBXBuildFile; fileRef = B148A20628834C3C0088BECA /* URLProtocolStub.swift */; };
		B148A2102883565C0088BECA /* AddAccountIntegrationTest.swift in Sources */ = {isa = PBXBuildFile; fileRef = B148A20F2883565C0088BECA /* AddAccountIntegrationTest.swift */; };
		B148A2112883565C0088BECA /* Data.framework in Frameworks */ = {isa = PBXBuildFile; fileRef = B148A19F2881231F0088BECA /* Data.framework */; };
/* End PBXBuildFile section */

/* Begin PBXContainerItemProxy section */
		B148A1AA2881231F0088BECA /* PBXContainerItemProxy */ = {
			isa = PBXContainerItemProxy;
			containerPortal = B148A12B28811DD70088BECA /* Project object */;
			proxyType = 1;
			remoteGlobalIDString = B148A19E2881231F0088BECA;
			remoteInfo = Data;
		};
		B148A1B9288123590088BECA /* PBXContainerItemProxy */ = {
			isa = PBXContainerItemProxy;
			containerPortal = B148A12B28811DD70088BECA /* Project object */;
			proxyType = 1;
			remoteGlobalIDString = B148A14428811EE40088BECA;
			remoteInfo = Domain;
		};
		B148A1E828830E000088BECA /* PBXContainerItemProxy */ = {
			isa = PBXContainerItemProxy;
			containerPortal = B148A12B28811DD70088BECA /* Project object */;
			proxyType = 1;
			remoteGlobalIDString = B148A1DC28830E000088BECA;
			remoteInfo = Infra;
		};
		B148A1F9288310030088BECA /* PBXContainerItemProxy */ = {
			isa = PBXContainerItemProxy;
			containerPortal = B148A12B28811DD70088BECA /* Project object */;
			proxyType = 1;
			remoteGlobalIDString = B148A19E2881231F0088BECA;
			remoteInfo = Data;
		};
		B148A2122883565C0088BECA /* PBXContainerItemProxy */ = {
			isa = PBXContainerItemProxy;
			containerPortal = B148A12B28811DD70088BECA /* Project object */;
			proxyType = 1;
			remoteGlobalIDString = B148A19E2881231F0088BECA;
			remoteInfo = Data;
		};
		B148A217288356930088BECA /* PBXContainerItemProxy */ = {
			isa = PBXContainerItemProxy;
			containerPortal = B148A12B28811DD70088BECA /* Project object */;
			proxyType = 1;
			remoteGlobalIDString = B148A14428811EE40088BECA;
			remoteInfo = Domain;
		};
		B148A219288356930088BECA /* PBXContainerItemProxy */ = {
			isa = PBXContainerItemProxy;
			containerPortal = B148A12B28811DD70088BECA /* Project object */;
			proxyType = 1;
			remoteGlobalIDString = B148A1DC28830E000088BECA;
			remoteInfo = Infra;
		};
/* End PBXContainerItemProxy section */

/* Begin PBXCopyFilesBuildPhase section */
		B148A1BB288123590088BECA /* Embed Frameworks */ = {
			isa = PBXCopyFilesBuildPhase;
			buildActionMask = 2147483647;
			dstPath = "";
			dstSubfolderSpec = 10;
			files = (
				B148A1B8288123590088BECA /* Domain.framework in Embed Frameworks */,
			);
			name = "Embed Frameworks";
			runOnlyForDeploymentPostprocessing = 0;
		};
		B148A1FB288310030088BECA /* Embed Frameworks */ = {
			isa = PBXCopyFilesBuildPhase;
			buildActionMask = 2147483647;
			dstPath = "";
			dstSubfolderSpec = 10;
			files = (
				B148A1F8288310030088BECA /* Data.framework in Embed Frameworks */,
			);
			name = "Embed Frameworks";
			runOnlyForDeploymentPostprocessing = 0;
		};
/* End PBXCopyFilesBuildPhase section */

/* Begin PBXFileReference section */
		B148A14528811EE40088BECA /* Domain.framework */ = {isa = PBXFileReference; explicitFileType = wrapper.framework; includeInIndex = 0; path = Domain.framework; sourceTree = BUILT_PRODUCTS_DIR; };
		B148A14828811EE40088BECA /* Domain.docc */ = {isa = PBXFileReference; lastKnownFileType = folder.documentationcatalog; path = Domain.docc; sourceTree = "<group>"; };
		B148A14E288120280088BECA /* AddAccount.swift */ = {isa = PBXFileReference; lastKnownFileType = sourcecode.swift; path = AddAccount.swift; sourceTree = "<group>"; };
		B148A150288121830088BECA /* AccountModel.swift */ = {isa = PBXFileReference; lastKnownFileType = sourcecode.swift; path = AccountModel.swift; sourceTree = "<group>"; };
		B148A1522881219C0088BECA /* AddAccountModel.swift */ = {isa = PBXFileReference; lastKnownFileType = sourcecode.swift; path = AddAccountModel.swift; sourceTree = "<group>"; };
		B148A19F2881231F0088BECA /* Data.framework */ = {isa = PBXFileReference; explicitFileType = wrapper.framework; includeInIndex = 0; path = Data.framework; sourceTree = BUILT_PRODUCTS_DIR; };
		B148A1A22881231F0088BECA /* Data.docc */ = {isa = PBXFileReference; lastKnownFileType = folder.documentationcatalog; path = Data.docc; sourceTree = "<group>"; };
		B148A1A82881231F0088BECA /* DataTests.xctest */ = {isa = PBXFileReference; explicitFileType = wrapper.cfbundle; includeInIndex = 0; path = DataTests.xctest; sourceTree = BUILT_PRODUCTS_DIR; };
		B148A1AD2881231F0088BECA /* RemoteAddAccountTests.swift */ = {isa = PBXFileReference; lastKnownFileType = sourcecode.swift; path = RemoteAddAccountTests.swift; sourceTree = "<group>"; };
		B148A1BD288135400088BECA /* Model.swift */ = {isa = PBXFileReference; lastKnownFileType = sourcecode.swift; path = Model.swift; sourceTree = "<group>"; };
		B148A1BF288135EB0088BECA /* RemoteAddAccount.swift */ = {isa = PBXFileReference; lastKnownFileType = sourcecode.swift; path = RemoteAddAccount.swift; sourceTree = "<group>"; };
		B148A1C1288136180088BECA /* HTTPPostClient.swift */ = {isa = PBXFileReference; lastKnownFileType = sourcecode.swift; path = HTTPPostClient.swift; sourceTree = "<group>"; };
		B148A1C32881363D0088BECA /* HTTPClientSpy.swift */ = {isa = PBXFileReference; lastKnownFileType = sourcecode.swift; path = HTTPClientSpy.swift; sourceTree = "<group>"; };
		B148A1CB2881414F0088BECA /* DomainError.swift */ = {isa = PBXFileReference; lastKnownFileType = sourcecode.swift; path = DomainError.swift; sourceTree = "<group>"; };
		B148A1CF288143240088BECA /* HTTPErrors.swift */ = {isa = PBXFileReference; lastKnownFileType = sourcecode.swift; path = HTTPErrors.swift; sourceTree = "<group>"; };
		B148A1D2288302D80088BECA /* XCTestCase+Extensions.swift */ = {isa = PBXFileReference; lastKnownFileType = sourcecode.swift; path = "XCTestCase+Extensions.swift"; sourceTree = "<group>"; };
		B148A1D4288303430088BECA /* TestFactories.swift */ = {isa = PBXFileReference; lastKnownFileType = sourcecode.swift; path = TestFactories.swift; sourceTree = "<group>"; };
		B148A1D6288303AC0088BECA /* AccountModelFactory.swift */ = {isa = PBXFileReference; lastKnownFileType = sourcecode.swift; path = AccountModelFactory.swift; sourceTree = "<group>"; };
		B148A1DD28830E000088BECA /* Infra.framework */ = {isa = PBXFileReference; explicitFileType = wrapper.framework; includeInIndex = 0; path = Infra.framework; sourceTree = BUILT_PRODUCTS_DIR; };
		B148A1E028830E000088BECA /* Infra.docc */ = {isa = PBXFileReference; lastKnownFileType = folder.documentationcatalog; path = Infra.docc; sourceTree = "<group>"; };
		B148A1E628830E000088BECA /* InfraTests.xctest */ = {isa = PBXFileReference; explicitFileType = wrapper.cfbundle; includeInIndex = 0; path = InfraTests.xctest; sourceTree = BUILT_PRODUCTS_DIR; };
		B148A1EB28830E000088BECA /* AlamofireAdapterTest.swift */ = {isa = PBXFileReference; lastKnownFileType = sourcecode.swift; path = AlamofireAdapterTest.swift; sourceTree = "<group>"; };
		B148A20428834BE20088BECA /* AlamofireAdapter.swift */ = {isa = PBXFileReference; lastKnownFileType = sourcecode.swift; path = AlamofireAdapter.swift; sourceTree = "<group>"; };
		B148A20628834C3C0088BECA /* URLProtocolStub.swift */ = {isa = PBXFileReference; lastKnownFileType = sourcecode.swift; path = URLProtocolStub.swift; sourceTree = "<group>"; };
		B148A20D2883565C0088BECA /* UseCassesIntegrationTests.xctest */ = {isa = PBXFileReference; explicitFileType = wrapper.cfbundle; includeInIndex = 0; path = UseCassesIntegrationTests.xctest; sourceTree = BUILT_PRODUCTS_DIR; };
		B148A20F2883565C0088BECA /* AddAccountIntegrationTest.swift */ = {isa = PBXFileReference; lastKnownFileType = sourcecode.swift; path = AddAccountIntegrationTest.swift; sourceTree = "<group>"; };
/* End PBXFileReference section */

/* Begin PBXFrameworksBuildPhase section */
		B148A14228811EE40088BECA /* Frameworks */ = {
			isa = PBXFrameworksBuildPhase;
			buildActionMask = 2147483647;
			files = (
			);
			runOnlyForDeploymentPostprocessing = 0;
		};
		B148A19C2881231F0088BECA /* Frameworks */ = {
			isa = PBXFrameworksBuildPhase;
			buildActionMask = 2147483647;
			files = (
				B148A1B7288123590088BECA /* Domain.framework in Frameworks */,
			);
			runOnlyForDeploymentPostprocessing = 0;
		};
		B148A1A52881231F0088BECA /* Frameworks */ = {
			isa = PBXFrameworksBuildPhase;
			buildActionMask = 2147483647;
			files = (
				B148A1A92881231F0088BECA /* Data.framework in Frameworks */,
			);
			runOnlyForDeploymentPostprocessing = 0;
		};
		B148A1DA28830E000088BECA /* Frameworks */ = {
			isa = PBXFrameworksBuildPhase;
			buildActionMask = 2147483647;
			files = (
				B148A1F7288310030088BECA /* Data.framework in Frameworks */,
				B148A202288311110088BECA /* Alamofire in Frameworks */,
			);
			runOnlyForDeploymentPostprocessing = 0;
		};
		B148A1E328830E000088BECA /* Frameworks */ = {
			isa = PBXFrameworksBuildPhase;
			buildActionMask = 2147483647;
			files = (
				B148A1E728830E000088BECA /* Infra.framework in Frameworks */,
			);
			runOnlyForDeploymentPostprocessing = 0;
		};
		B148A20A2883565C0088BECA /* Frameworks */ = {
			isa = PBXFrameworksBuildPhase;
			buildActionMask = 2147483647;
			files = (
				B148A2112883565C0088BECA /* Data.framework in Frameworks */,
			);
			runOnlyForDeploymentPostprocessing = 0;
		};
/* End PBXFrameworksBuildPhase section */

/* Begin PBXGroup section */
		B148A12A28811DD70088BECA = {
			isa = PBXGroup;
			children = (
				B148A14628811EE40088BECA /* Domain */,
				B148A1A02881231F0088BECA /* Data */,
				B148A1AC2881231F0088BECA /* DataTests */,
				B148A1DE28830E000088BECA /* Infra */,
				B148A1EA28830E000088BECA /* InfraTests */,
				B148A20E2883565C0088BECA /* UseCassesIntegrationTests */,
				B148A13528811DD70088BECA /* Products */,
				B148A1B6288123590088BECA /* Frameworks */,
			);
			sourceTree = "<group>";
		};
		B148A13528811DD70088BECA /* Products */ = {
			isa = PBXGroup;
			children = (
				B148A14528811EE40088BECA /* Domain.framework */,
				B148A19F2881231F0088BECA /* Data.framework */,
				B148A1A82881231F0088BECA /* DataTests.xctest */,
				B148A1DD28830E000088BECA /* Infra.framework */,
				B148A1E628830E000088BECA /* InfraTests.xctest */,
				B148A20D2883565C0088BECA /* UseCassesIntegrationTests.xctest */,
			);
			name = Products;
			sourceTree = "<group>";
		};
		B148A14628811EE40088BECA /* Domain */ = {
			isa = PBXGroup;
			children = (
				B148A1CA288141450088BECA /* Errors */,
				B148A1C9288136A20088BECA /* Protocols */,
				B148A1C82881369F0088BECA /* Models */,
				B148A14828811EE40088BECA /* Domain.docc */,
			);
			path = Domain;
			sourceTree = "<group>";
		};
		B148A1A02881231F0088BECA /* Data */ = {
			isa = PBXGroup;
			children = (
				B148A1C7288136950088BECA /* Class */,
				B148A1C5288136880088BECA /* Protocols */,
				B148A1A22881231F0088BECA /* Data.docc */,
				B148A1CF288143240088BECA /* HTTPErrors.swift */,
			);
			path = Data;
			sourceTree = "<group>";
		};
		B148A1AC2881231F0088BECA /* DataTests */ = {
			isa = PBXGroup;
			children = (
				B148A1D1288302CA0088BECA /* Helpers */,
				B148A1CE288141960088BECA /* Tests */,
				B148A1CD2881418E0088BECA /* TestDoubles */,
			);
			path = DataTests;
			sourceTree = "<group>";
		};
		B148A1B6288123590088BECA /* Frameworks */ = {
			isa = PBXGroup;
			children = (
			);
			name = Frameworks;
			sourceTree = "<group>";
		};
		B148A1C5288136880088BECA /* Protocols */ = {
			isa = PBXGroup;
			children = (
				B148A1C1288136180088BECA /* HTTPPostClient.swift */,
			);
			path = Protocols;
			sourceTree = "<group>";
		};
		B148A1C7288136950088BECA /* Class */ = {
			isa = PBXGroup;
			children = (
				B148A1BF288135EB0088BECA /* RemoteAddAccount.swift */,
			);
			path = Class;
			sourceTree = "<group>";
		};
		B148A1C82881369F0088BECA /* Models */ = {
			isa = PBXGroup;
			children = (
				B148A1522881219C0088BECA /* AddAccountModel.swift */,
				B148A150288121830088BECA /* AccountModel.swift */,
			);
			path = Models;
			sourceTree = "<group>";
		};
		B148A1C9288136A20088BECA /* Protocols */ = {
			isa = PBXGroup;
			children = (
				B148A14E288120280088BECA /* AddAccount.swift */,
				B148A1BD288135400088BECA /* Model.swift */,
			);
			path = Protocols;
			sourceTree = "<group>";
		};
		B148A1CA288141450088BECA /* Errors */ = {
			isa = PBXGroup;
			children = (
				B148A1CB2881414F0088BECA /* DomainError.swift */,
			);
			path = Errors;
			sourceTree = "<group>";
		};
		B148A1CD2881418E0088BECA /* TestDoubles */ = {
			isa = PBXGroup;
			children = (
				B148A1C32881363D0088BECA /* HTTPClientSpy.swift */,
			);
			path = TestDoubles;
			sourceTree = "<group>";
		};
		B148A1CE288141960088BECA /* Tests */ = {
			isa = PBXGroup;
			children = (
				B148A1AD2881231F0088BECA /* RemoteAddAccountTests.swift */,
			);
			path = Tests;
			sourceTree = "<group>";
		};
		B148A1D1288302CA0088BECA /* Helpers */ = {
			isa = PBXGroup;
			children = (
				B148A1D2288302D80088BECA /* XCTestCase+Extensions.swift */,
				B148A1D4288303430088BECA /* TestFactories.swift */,
				B148A1D6288303AC0088BECA /* AccountModelFactory.swift */,
			);
			path = Helpers;
			sourceTree = "<group>";
		};
		B148A1DE28830E000088BECA /* Infra */ = {
			isa = PBXGroup;
			children = (
				B148A1E028830E000088BECA /* Infra.docc */,
				B148A20428834BE20088BECA /* AlamofireAdapter.swift */,
			);
			path = Infra;
			sourceTree = "<group>";
		};
		B148A1EA28830E000088BECA /* InfraTests */ = {
			isa = PBXGroup;
			children = (
				B148A1EB28830E000088BECA /* AlamofireAdapterTest.swift */,
				B148A20628834C3C0088BECA /* URLProtocolStub.swift */,
			);
			path = InfraTests;
			sourceTree = "<group>";
		};
		B148A20E2883565C0088BECA /* UseCassesIntegrationTests */ = {
			isa = PBXGroup;
			children = (
				B148A20F2883565C0088BECA /* AddAccountIntegrationTest.swift */,
			);
			path = UseCassesIntegrationTests;
			sourceTree = "<group>";
		};
/* End PBXGroup section */

/* Begin PBXHeadersBuildPhase section */
		B148A14028811EE40088BECA /* Headers */ = {
			isa = PBXHeadersBuildPhase;
			buildActionMask = 2147483647;
			files = (
			);
			runOnlyForDeploymentPostprocessing = 0;
		};
		B148A19A2881231F0088BECA /* Headers */ = {
			isa = PBXHeadersBuildPhase;
			buildActionMask = 2147483647;
			files = (
			);
			runOnlyForDeploymentPostprocessing = 0;
		};
		B148A1D828830E000088BECA /* Headers */ = {
			isa = PBXHeadersBuildPhase;
			buildActionMask = 2147483647;
			files = (
			);
			runOnlyForDeploymentPostprocessing = 0;
		};
/* End PBXHeadersBuildPhase section */

/* Begin PBXNativeTarget section */
		B148A14428811EE40088BECA /* Domain */ = {
			isa = PBXNativeTarget;
			buildConfigurationList = B148A14B28811EE40088BECA /* Build configuration list for PBXNativeTarget "Domain" */;
			buildPhases = (
				B148A14028811EE40088BECA /* Headers */,
				B148A14128811EE40088BECA /* Sources */,
				B148A14228811EE40088BECA /* Frameworks */,
				B148A14328811EE40088BECA /* Resources */,
			);
			buildRules = (
			);
			dependencies = (
			);
			name = Domain;
			packageProductDependencies = (
			);
			productName = Domain;
			productReference = B148A14528811EE40088BECA /* Domain.framework */;
			productType = "com.apple.product-type.framework";
		};
		B148A19E2881231F0088BECA /* Data */ = {
			isa = PBXNativeTarget;
			buildConfigurationList = B148A1B42881231F0088BECA /* Build configuration list for PBXNativeTarget "Data" */;
			buildPhases = (
				B148A19A2881231F0088BECA /* Headers */,
				B148A19B2881231F0088BECA /* Sources */,
				B148A19C2881231F0088BECA /* Frameworks */,
				B148A19D2881231F0088BECA /* Resources */,
				B148A1BB288123590088BECA /* Embed Frameworks */,
			);
			buildRules = (
			);
			dependencies = (
				B148A1BA288123590088BECA /* PBXTargetDependency */,
			);
			name = Data;
			productName = Data;
			productReference = B148A19F2881231F0088BECA /* Data.framework */;
			productType = "com.apple.product-type.framework";
		};
		B148A1A72881231F0088BECA /* DataTests */ = {
			isa = PBXNativeTarget;
			buildConfigurationList = B148A1B52881231F0088BECA /* Build configuration list for PBXNativeTarget "DataTests" */;
			buildPhases = (
				B148A1A42881231F0088BECA /* Sources */,
				B148A1A52881231F0088BECA /* Frameworks */,
				B148A1A62881231F0088BECA /* Resources */,
			);
			buildRules = (
			);
			dependencies = (
				B148A1AB2881231F0088BECA /* PBXTargetDependency */,
			);
			name = DataTests;
			productName = DataTests;
			productReference = B148A1A82881231F0088BECA /* DataTests.xctest */;
			productType = "com.apple.product-type.bundle.unit-test";
		};
		B148A1DC28830E000088BECA /* Infra */ = {
			isa = PBXNativeTarget;
			buildConfigurationList = B148A1EE28830E000088BECA /* Build configuration list for PBXNativeTarget "Infra" */;
			buildPhases = (
				B148A1D828830E000088BECA /* Headers */,
				B148A1D928830E000088BECA /* Sources */,
				B148A1DA28830E000088BECA /* Frameworks */,
				B148A1DB28830E000088BECA /* Resources */,
				B148A1FB288310030088BECA /* Embed Frameworks */,
			);
			buildRules = (
			);
			dependencies = (
				B148A1FA288310030088BECA /* PBXTargetDependency */,
			);
			name = Infra;
			packageProductDependencies = (
				B148A201288311110088BECA /* Alamofire */,
			);
			productName = Infra;
			productReference = B148A1DD28830E000088BECA /* Infra.framework */;
			productType = "com.apple.product-type.framework";
		};
		B148A1E528830E000088BECA /* InfraTests */ = {
			isa = PBXNativeTarget;
			buildConfigurationList = B148A1F128830E000088BECA /* Build configuration list for PBXNativeTarget "InfraTests" */;
			buildPhases = (
				B148A1E228830E000088BECA /* Sources */,
				B148A1E328830E000088BECA /* Frameworks */,
				B148A1E428830E000088BECA /* Resources */,
			);
			buildRules = (
			);
			dependencies = (
				B148A1E928830E000088BECA /* PBXTargetDependency */,
			);
			name = InfraTests;
			productName = InfraTests;
			productReference = B148A1E628830E000088BECA /* InfraTests.xctest */;
			productType = "com.apple.product-type.bundle.unit-test";
		};
		B148A20C2883565C0088BECA /* UseCassesIntegrationTests */ = {
			isa = PBXNativeTarget;
			buildConfigurationList = B148A2142883565C0088BECA /* Build configuration list for PBXNativeTarget "UseCassesIntegrationTests" */;
			buildPhases = (
				B148A2092883565C0088BECA /* Sources */,
				B148A20A2883565C0088BECA /* Frameworks */,
				B148A20B2883565C0088BECA /* Resources */,
			);
			buildRules = (
			);
			dependencies = (
				B148A218288356930088BECA /* PBXTargetDependency */,
				B148A21A288356930088BECA /* PBXTargetDependency */,
				B148A2132883565C0088BECA /* PBXTargetDependency */,
			);
			name = UseCassesIntegrationTests;
			productName = UseCassesIntegrationTests;
			productReference = B148A20D2883565C0088BECA /* UseCassesIntegrationTests.xctest */;
			productType = "com.apple.product-type.bundle.unit-test";
		};
/* End PBXNativeTarget section */

/* Begin PBXProject section */
		B148A12B28811DD70088BECA /* Project object */ = {
			isa = PBXProject;
			attributes = {
				BuildIndependentTargetsInParallel = 1;
				LastSwiftUpdateCheck = 1330;
				LastUpgradeCheck = 1330;
				TargetAttributes = {
					B148A14428811EE40088BECA = {
						CreatedOnToolsVersion = 13.3.1;
					};
					B148A19E2881231F0088BECA = {
						CreatedOnToolsVersion = 13.3.1;
					};
					B148A1A72881231F0088BECA = {
						CreatedOnToolsVersion = 13.3.1;
					};
					B148A1DC28830E000088BECA = {
						CreatedOnToolsVersion = 13.3.1;
					};
					B148A1E528830E000088BECA = {
						CreatedOnToolsVersion = 13.3.1;
					};
					B148A20C2883565C0088BECA = {
						CreatedOnToolsVersion = 13.3.1;
					};
				};
			};
			buildConfigurationList = B148A12E28811DD70088BECA /* Build configuration list for PBXProject "CleanApp" */;
			compatibilityVersion = "Xcode 13.0";
			developmentRegion = en;
			hasScannedForEncodings = 0;
			knownRegions = (
				en,
				Base,
			);
			mainGroup = B148A12A28811DD70088BECA;
			packageReferences = (
				B148A1FE288310C70088BECA /* XCRemoteSwiftPackageReference "Alamofire" */,
			);
			productRefGroup = B148A13528811DD70088BECA /* Products */;
			projectDirPath = "";
			projectRoot = "";
			targets = (
				B148A14428811EE40088BECA /* Domain */,
				B148A19E2881231F0088BECA /* Data */,
				B148A1DC28830E000088BECA /* Infra */,
				B148A1A72881231F0088BECA /* DataTests */,
				B148A1E528830E000088BECA /* InfraTests */,
				B148A20C2883565C0088BECA /* UseCassesIntegrationTests */,
			);
		};
/* End PBXProject section */

/* Begin PBXResourcesBuildPhase section */
		B148A14328811EE40088BECA /* Resources */ = {
			isa = PBXResourcesBuildPhase;
			buildActionMask = 2147483647;
			files = (
			);
			runOnlyForDeploymentPostprocessing = 0;
		};
		B148A19D2881231F0088BECA /* Resources */ = {
			isa = PBXResourcesBuildPhase;
			buildActionMask = 2147483647;
			files = (
			);
			runOnlyForDeploymentPostprocessing = 0;
		};
		B148A1A62881231F0088BECA /* Resources */ = {
			isa = PBXResourcesBuildPhase;
			buildActionMask = 2147483647;
			files = (
			);
			runOnlyForDeploymentPostprocessing = 0;
		};
		B148A1DB28830E000088BECA /* Resources */ = {
			isa = PBXResourcesBuildPhase;
			buildActionMask = 2147483647;
			files = (
			);
			runOnlyForDeploymentPostprocessing = 0;
		};
		B148A1E428830E000088BECA /* Resources */ = {
			isa = PBXResourcesBuildPhase;
			buildActionMask = 2147483647;
			files = (
			);
			runOnlyForDeploymentPostprocessing = 0;
		};
		B148A20B2883565C0088BECA /* Resources */ = {
			isa = PBXResourcesBuildPhase;
			buildActionMask = 2147483647;
			files = (
			);
			runOnlyForDeploymentPostprocessing = 0;
		};
/* End PBXResourcesBuildPhase section */

/* Begin PBXSourcesBuildPhase section */
		B148A14128811EE40088BECA /* Sources */ = {
			isa = PBXSourcesBuildPhase;
			buildActionMask = 2147483647;
			files = (
				B148A1BE288135400088BECA /* Model.swift in Sources */,
				B148A14928811EE40088BECA /* Domain.docc in Sources */,
				B148A151288121830088BECA /* AccountModel.swift in Sources */,
				B148A14F288120280088BECA /* AddAccount.swift in Sources */,
				B148A1CC2881414F0088BECA /* DomainError.swift in Sources */,
				B148A1532881219C0088BECA /* AddAccountModel.swift in Sources */,
			);
			runOnlyForDeploymentPostprocessing = 0;
		};
		B148A19B2881231F0088BECA /* Sources */ = {
			isa = PBXSourcesBuildPhase;
			buildActionMask = 2147483647;
			files = (
				B148A1D0288143240088BECA /* HTTPErrors.swift in Sources */,
				B148A1C2288136180088BECA /* HTTPPostClient.swift in Sources */,
				B148A1A32881231F0088BECA /* Data.docc in Sources */,
				B148A1C0288135EB0088BECA /* RemoteAddAccount.swift in Sources */,
			);
			runOnlyForDeploymentPostprocessing = 0;
		};
		B148A1A42881231F0088BECA /* Sources */ = {
			isa = PBXSourcesBuildPhase;
			buildActionMask = 2147483647;
			files = (
				B148A1AE2881231F0088BECA /* RemoteAddAccountTests.swift in Sources */,
				B148A1D3288302D80088BECA /* XCTestCase+Extensions.swift in Sources */,
				B148A1D5288303430088BECA /* TestFactories.swift in Sources */,
				B148A1D7288303AC0088BECA /* AccountModelFactory.swift in Sources */,
				B148A1C42881363D0088BECA /* HTTPClientSpy.swift in Sources */,
			);
			runOnlyForDeploymentPostprocessing = 0;
		};
		B148A1D928830E000088BECA /* Sources */ = {
			isa = PBXSourcesBuildPhase;
			buildActionMask = 2147483647;
			files = (
				B148A20528834BE20088BECA /* AlamofireAdapter.swift in Sources */,
				B148A1E128830E000088BECA /* Infra.docc in Sources */,
			);
			runOnlyForDeploymentPostprocessing = 0;
		};
		B148A1E228830E000088BECA /* Sources */ = {
			isa = PBXSourcesBuildPhase;
			buildActionMask = 2147483647;
			files = (
				B148A1FC288310210088BECA /* TestFactories.swift in Sources */,
				B148A1FD288310270088BECA /* XCTestCase+Extensions.swift in Sources */,
				B148A1F628830EBB0088BECA /* AlamofireAdapterTest.swift in Sources */,
				B148A20728834C3C0088BECA /* URLProtocolStub.swift in Sources */,
			);
			runOnlyForDeploymentPostprocessing = 0;
		};
		B148A2092883565C0088BECA /* Sources */ = {
			isa = PBXSourcesBuildPhase;
			buildActionMask = 2147483647;
			files = (
				B148A2102883565C0088BECA /* AddAccountIntegrationTest.swift in Sources */,
			);
			runOnlyForDeploymentPostprocessing = 0;
		};
/* End PBXSourcesBuildPhase section */

/* Begin PBXTargetDependency section */
		B148A1AB2881231F0088BECA /* PBXTargetDependency */ = {
			isa = PBXTargetDependency;
			target = B148A19E2881231F0088BECA /* Data */;
			targetProxy = B148A1AA2881231F0088BECA /* PBXContainerItemProxy */;
		};
		B148A1BA288123590088BECA /* PBXTargetDependency */ = {
			isa = PBXTargetDependency;
			target = B148A14428811EE40088BECA /* Domain */;
			targetProxy = B148A1B9288123590088BECA /* PBXContainerItemProxy */;
		};
		B148A1E928830E000088BECA /* PBXTargetDependency */ = {
			isa = PBXTargetDependency;
			target = B148A1DC28830E000088BECA /* Infra */;
			targetProxy = B148A1E828830E000088BECA /* PBXContainerItemProxy */;
		};
		B148A1FA288310030088BECA /* PBXTargetDependency */ = {
			isa = PBXTargetDependency;
			target = B148A19E2881231F0088BECA /* Data */;
			targetProxy = B148A1F9288310030088BECA /* PBXContainerItemProxy */;
		};
		B148A2132883565C0088BECA /* PBXTargetDependency */ = {
			isa = PBXTargetDependency;
			target = B148A19E2881231F0088BECA /* Data */;
			targetProxy = B148A2122883565C0088BECA /* PBXContainerItemProxy */;
		};
		B148A218288356930088BECA /* PBXTargetDependency */ = {
			isa = PBXTargetDependency;
			target = B148A14428811EE40088BECA /* Domain */;
			targetProxy = B148A217288356930088BECA /* PBXContainerItemProxy */;
		};
		B148A21A288356930088BECA /* PBXTargetDependency */ = {
			isa = PBXTargetDependency;
			target = B148A1DC28830E000088BECA /* Infra */;
			targetProxy = B148A219288356930088BECA /* PBXContainerItemProxy */;
		};
/* End PBXTargetDependency section */

/* Begin XCBuildConfiguration section */
		B148A13B28811DD70088BECA /* Debug */ = {
			isa = XCBuildConfiguration;
			buildSettings = {
				ALWAYS_SEARCH_USER_PATHS = NO;
				CLANG_ANALYZER_NONNULL = YES;
				CLANG_ANALYZER_NUMBER_OBJECT_CONVERSION = YES_AGGRESSIVE;
				CLANG_CXX_LANGUAGE_STANDARD = "gnu++17";
				CLANG_ENABLE_MODULES = YES;
				CLANG_ENABLE_OBJC_ARC = YES;
				CLANG_ENABLE_OBJC_WEAK = YES;
				CLANG_WARN_BLOCK_CAPTURE_AUTORELEASING = YES;
				CLANG_WARN_BOOL_CONVERSION = YES;
				CLANG_WARN_COMMA = YES;
				CLANG_WARN_CONSTANT_CONVERSION = YES;
				CLANG_WARN_DEPRECATED_OBJC_IMPLEMENTATIONS = YES;
				CLANG_WARN_DIRECT_OBJC_ISA_USAGE = YES_ERROR;
				CLANG_WARN_DOCUMENTATION_COMMENTS = YES;
				CLANG_WARN_EMPTY_BODY = YES;
				CLANG_WARN_ENUM_CONVERSION = YES;
				CLANG_WARN_INFINITE_RECURSION = YES;
				CLANG_WARN_INT_CONVERSION = YES;
				CLANG_WARN_NON_LITERAL_NULL_CONVERSION = YES;
				CLANG_WARN_OBJC_IMPLICIT_RETAIN_SELF = YES;
				CLANG_WARN_OBJC_LITERAL_CONVERSION = YES;
				CLANG_WARN_OBJC_ROOT_CLASS = YES_ERROR;
				CLANG_WARN_QUOTED_INCLUDE_IN_FRAMEWORK_HEADER = YES;
				CLANG_WARN_RANGE_LOOP_ANALYSIS = YES;
				CLANG_WARN_STRICT_PROTOTYPES = YES;
				CLANG_WARN_SUSPICIOUS_MOVE = YES;
				CLANG_WARN_UNGUARDED_AVAILABILITY = YES_AGGRESSIVE;
				CLANG_WARN_UNREACHABLE_CODE = YES;
				CLANG_WARN__DUPLICATE_METHOD_MATCH = YES;
				COPY_PHASE_STRIP = NO;
				CURRENT_PROJECT_VERSION = 1;
				DEBUG_INFORMATION_FORMAT = dwarf;
				ENABLE_STRICT_OBJC_MSGSEND = YES;
				ENABLE_TESTABILITY = YES;
				GCC_C_LANGUAGE_STANDARD = gnu11;
				GCC_DYNAMIC_NO_PIC = NO;
				GCC_NO_COMMON_BLOCKS = YES;
				GCC_OPTIMIZATION_LEVEL = 0;
				GCC_PREPROCESSOR_DEFINITIONS = (
					"DEBUG=1",
					"$(inherited)",
				);
				GCC_WARN_64_TO_32_BIT_CONVERSION = YES;
				GCC_WARN_ABOUT_RETURN_TYPE = YES_ERROR;
				GCC_WARN_UNDECLARED_SELECTOR = YES;
				GCC_WARN_UNINITIALIZED_AUTOS = YES_AGGRESSIVE;
				GCC_WARN_UNUSED_FUNCTION = YES;
				GCC_WARN_UNUSED_VARIABLE = YES;
				IPHONEOS_DEPLOYMENT_TARGET = 15.4;
				MTL_ENABLE_DEBUG_INFO = INCLUDE_SOURCE;
				MTL_FAST_MATH = YES;
				ONLY_ACTIVE_ARCH = YES;
				SDKROOT = iphoneos;
				SWIFT_ACTIVE_COMPILATION_CONDITIONS = DEBUG;
				SWIFT_OPTIMIZATION_LEVEL = "-Onone";
				VERSIONING_SYSTEM = "apple-generic";
				VERSION_INFO_PREFIX = "";
			};
			name = Debug;
		};
		B148A13C28811DD70088BECA /* Release */ = {
			isa = XCBuildConfiguration;
			buildSettings = {
				ALWAYS_SEARCH_USER_PATHS = NO;
				CLANG_ANALYZER_NONNULL = YES;
				CLANG_ANALYZER_NUMBER_OBJECT_CONVERSION = YES_AGGRESSIVE;
				CLANG_CXX_LANGUAGE_STANDARD = "gnu++17";
				CLANG_ENABLE_MODULES = YES;
				CLANG_ENABLE_OBJC_ARC = YES;
				CLANG_ENABLE_OBJC_WEAK = YES;
				CLANG_WARN_BLOCK_CAPTURE_AUTORELEASING = YES;
				CLANG_WARN_BOOL_CONVERSION = YES;
				CLANG_WARN_COMMA = YES;
				CLANG_WARN_CONSTANT_CONVERSION = YES;
				CLANG_WARN_DEPRECATED_OBJC_IMPLEMENTATIONS = YES;
				CLANG_WARN_DIRECT_OBJC_ISA_USAGE = YES_ERROR;
				CLANG_WARN_DOCUMENTATION_COMMENTS = YES;
				CLANG_WARN_EMPTY_BODY = YES;
				CLANG_WARN_ENUM_CONVERSION = YES;
				CLANG_WARN_INFINITE_RECURSION = YES;
				CLANG_WARN_INT_CONVERSION = YES;
				CLANG_WARN_NON_LITERAL_NULL_CONVERSION = YES;
				CLANG_WARN_OBJC_IMPLICIT_RETAIN_SELF = YES;
				CLANG_WARN_OBJC_LITERAL_CONVERSION = YES;
				CLANG_WARN_OBJC_ROOT_CLASS = YES_ERROR;
				CLANG_WARN_QUOTED_INCLUDE_IN_FRAMEWORK_HEADER = YES;
				CLANG_WARN_RANGE_LOOP_ANALYSIS = YES;
				CLANG_WARN_STRICT_PROTOTYPES = YES;
				CLANG_WARN_SUSPICIOUS_MOVE = YES;
				CLANG_WARN_UNGUARDED_AVAILABILITY = YES_AGGRESSIVE;
				CLANG_WARN_UNREACHABLE_CODE = YES;
				CLANG_WARN__DUPLICATE_METHOD_MATCH = YES;
				COPY_PHASE_STRIP = NO;
				CURRENT_PROJECT_VERSION = 1;
				DEBUG_INFORMATION_FORMAT = "dwarf-with-dsym";
				ENABLE_NS_ASSERTIONS = NO;
				ENABLE_STRICT_OBJC_MSGSEND = YES;
				GCC_C_LANGUAGE_STANDARD = gnu11;
				GCC_NO_COMMON_BLOCKS = YES;
				GCC_WARN_64_TO_32_BIT_CONVERSION = YES;
				GCC_WARN_ABOUT_RETURN_TYPE = YES_ERROR;
				GCC_WARN_UNDECLARED_SELECTOR = YES;
				GCC_WARN_UNINITIALIZED_AUTOS = YES_AGGRESSIVE;
				GCC_WARN_UNUSED_FUNCTION = YES;
				GCC_WARN_UNUSED_VARIABLE = YES;
				IPHONEOS_DEPLOYMENT_TARGET = 15.4;
				MTL_ENABLE_DEBUG_INFO = NO;
				MTL_FAST_MATH = YES;
				SDKROOT = iphoneos;
				SWIFT_COMPILATION_MODE = wholemodule;
				SWIFT_OPTIMIZATION_LEVEL = "-O";
				VALIDATE_PRODUCT = YES;
				VERSIONING_SYSTEM = "apple-generic";
				VERSION_INFO_PREFIX = "";
			};
			name = Release;
		};
		B148A14C28811EE40088BECA /* Debug */ = {
			isa = XCBuildConfiguration;
			buildSettings = {
				CODE_SIGN_STYLE = Automatic;
				COMBINE_HIDPI_IMAGES = YES;
				CURRENT_PROJECT_VERSION = 1;
				DEFINES_MODULE = YES;
				DEVELOPMENT_TEAM = Y487CY958A;
				DYLIB_COMPATIBILITY_VERSION = 1;
				DYLIB_CURRENT_VERSION = 1;
				DYLIB_INSTALL_NAME_BASE = "@rpath";
				GENERATE_INFOPLIST_FILE = YES;
				INFOPLIST_KEY_NSHumanReadableCopyright = "";
				INSTALL_PATH = "$(LOCAL_LIBRARY_DIR)/Frameworks";
				LD_RUNPATH_SEARCH_PATHS = (
					"$(inherited)",
					"@executable_path/../Frameworks",
					"@loader_path/Frameworks",
				);
				MACOSX_DEPLOYMENT_TARGET = 12.3;
				MARKETING_VERSION = 1.0;
				PRODUCT_BUNDLE_IDENTIFIER = PaoloProdossimoLopes.Domain;
				PRODUCT_NAME = "$(TARGET_NAME:c99extidentifier)";
				SDKROOT = macosx;
				SKIP_INSTALL = YES;
				SWIFT_EMIT_LOC_STRINGS = YES;
				SWIFT_VERSION = 5.0;
			};
			name = Debug;
		};
		B148A14D28811EE40088BECA /* Release */ = {
			isa = XCBuildConfiguration;
			buildSettings = {
				CODE_SIGN_STYLE = Automatic;
				COMBINE_HIDPI_IMAGES = YES;
				CURRENT_PROJECT_VERSION = 1;
				DEFINES_MODULE = YES;
				DEVELOPMENT_TEAM = Y487CY958A;
				DYLIB_COMPATIBILITY_VERSION = 1;
				DYLIB_CURRENT_VERSION = 1;
				DYLIB_INSTALL_NAME_BASE = "@rpath";
				GENERATE_INFOPLIST_FILE = YES;
				INFOPLIST_KEY_NSHumanReadableCopyright = "";
				INSTALL_PATH = "$(LOCAL_LIBRARY_DIR)/Frameworks";
				LD_RUNPATH_SEARCH_PATHS = (
					"$(inherited)",
					"@executable_path/../Frameworks",
					"@loader_path/Frameworks",
				);
				MACOSX_DEPLOYMENT_TARGET = 12.3;
				MARKETING_VERSION = 1.0;
				PRODUCT_BUNDLE_IDENTIFIER = PaoloProdossimoLopes.Domain;
				PRODUCT_NAME = "$(TARGET_NAME:c99extidentifier)";
				SDKROOT = macosx;
				SKIP_INSTALL = YES;
				SWIFT_EMIT_LOC_STRINGS = YES;
				SWIFT_VERSION = 5.0;
			};
			name = Release;
		};
		B148A1B02881231F0088BECA /* Debug */ = {
			isa = XCBuildConfiguration;
			buildSettings = {
				CODE_SIGN_STYLE = Automatic;
				COMBINE_HIDPI_IMAGES = YES;
				CURRENT_PROJECT_VERSION = 1;
				DEFINES_MODULE = YES;
				DEVELOPMENT_TEAM = Y487CY958A;
				DYLIB_COMPATIBILITY_VERSION = 1;
				DYLIB_CURRENT_VERSION = 1;
				DYLIB_INSTALL_NAME_BASE = "@rpath";
				GENERATE_INFOPLIST_FILE = YES;
				INFOPLIST_KEY_NSHumanReadableCopyright = "";
				INSTALL_PATH = "$(LOCAL_LIBRARY_DIR)/Frameworks";
				LD_RUNPATH_SEARCH_PATHS = (
					"$(inherited)",
					"@executable_path/../Frameworks",
					"@loader_path/Frameworks",
				);
				MACOSX_DEPLOYMENT_TARGET = 12.3;
				MARKETING_VERSION = 1.0;
				PRODUCT_BUNDLE_IDENTIFIER = PaoloProdossimoLopes.Data;
				PRODUCT_NAME = "$(TARGET_NAME:c99extidentifier)";
				SDKROOT = macosx;
				SKIP_INSTALL = YES;
				SWIFT_EMIT_LOC_STRINGS = YES;
				SWIFT_VERSION = 5.0;
			};
			name = Debug;
		};
		B148A1B12881231F0088BECA /* Release */ = {
			isa = XCBuildConfiguration;
			buildSettings = {
				CODE_SIGN_STYLE = Automatic;
				COMBINE_HIDPI_IMAGES = YES;
				CURRENT_PROJECT_VERSION = 1;
				DEFINES_MODULE = YES;
				DEVELOPMENT_TEAM = Y487CY958A;
				DYLIB_COMPATIBILITY_VERSION = 1;
				DYLIB_CURRENT_VERSION = 1;
				DYLIB_INSTALL_NAME_BASE = "@rpath";
				GENERATE_INFOPLIST_FILE = YES;
				INFOPLIST_KEY_NSHumanReadableCopyright = "";
				INSTALL_PATH = "$(LOCAL_LIBRARY_DIR)/Frameworks";
				LD_RUNPATH_SEARCH_PATHS = (
					"$(inherited)",
					"@executable_path/../Frameworks",
					"@loader_path/Frameworks",
				);
				MACOSX_DEPLOYMENT_TARGET = 12.3;
				MARKETING_VERSION = 1.0;
				PRODUCT_BUNDLE_IDENTIFIER = PaoloProdossimoLopes.Data;
				PRODUCT_NAME = "$(TARGET_NAME:c99extidentifier)";
				SDKROOT = macosx;
				SKIP_INSTALL = YES;
				SWIFT_EMIT_LOC_STRINGS = YES;
				SWIFT_VERSION = 5.0;
			};
			name = Release;
		};
		B148A1B22881231F0088BECA /* Debug */ = {
			isa = XCBuildConfiguration;
			buildSettings = {
				ALWAYS_EMBED_SWIFT_STANDARD_LIBRARIES = YES;
				CODE_SIGN_STYLE = Automatic;
				CURRENT_PROJECT_VERSION = 1;
				DEVELOPMENT_TEAM = Y487CY958A;
				GENERATE_INFOPLIST_FILE = YES;
				MACOSX_DEPLOYMENT_TARGET = 12.3;
				MARKETING_VERSION = 1.0;
				PRODUCT_BUNDLE_IDENTIFIER = PaoloProdossimoLopes.DataTests;
				PRODUCT_NAME = "$(TARGET_NAME)";
				SDKROOT = macosx;
				SWIFT_EMIT_LOC_STRINGS = NO;
				SWIFT_VERSION = 5.0;
			};
			name = Debug;
		};
		B148A1B32881231F0088BECA /* Release */ = {
			isa = XCBuildConfiguration;
			buildSettings = {
				ALWAYS_EMBED_SWIFT_STANDARD_LIBRARIES = YES;
				CODE_SIGN_STYLE = Automatic;
				CURRENT_PROJECT_VERSION = 1;
				DEVELOPMENT_TEAM = Y487CY958A;
				GENERATE_INFOPLIST_FILE = YES;
				MACOSX_DEPLOYMENT_TARGET = 12.3;
				MARKETING_VERSION = 1.0;
				PRODUCT_BUNDLE_IDENTIFIER = PaoloProdossimoLopes.DataTests;
				PRODUCT_NAME = "$(TARGET_NAME)";
				SDKROOT = macosx;
				SWIFT_EMIT_LOC_STRINGS = NO;
				SWIFT_VERSION = 5.0;
			};
			name = Release;
		};
		B148A1EF28830E000088BECA /* Debug */ = {
			isa = XCBuildConfiguration;
			buildSettings = {
				CODE_SIGN_STYLE = Automatic;
				COMBINE_HIDPI_IMAGES = YES;
				CURRENT_PROJECT_VERSION = 1;
				DEFINES_MODULE = YES;
				DEVELOPMENT_TEAM = Y487CY958A;
				DYLIB_COMPATIBILITY_VERSION = 1;
				DYLIB_CURRENT_VERSION = 1;
				DYLIB_INSTALL_NAME_BASE = "@rpath";
				GENERATE_INFOPLIST_FILE = YES;
				INFOPLIST_KEY_NSHumanReadableCopyright = "";
				INSTALL_PATH = "$(LOCAL_LIBRARY_DIR)/Frameworks";
				LD_RUNPATH_SEARCH_PATHS = (
					"$(inherited)",
					"@executable_path/../Frameworks",
					"@loader_path/Frameworks",
				);
				MACOSX_DEPLOYMENT_TARGET = 12.3;
				MARKETING_VERSION = 1.0;
				PRODUCT_BUNDLE_IDENTIFIER = PaoloProdossimoLopes.Infra;
				PRODUCT_NAME = "$(TARGET_NAME:c99extidentifier)";
				SDKROOT = macosx;
				SKIP_INSTALL = YES;
				SWIFT_EMIT_LOC_STRINGS = YES;
				SWIFT_VERSION = 5.0;
			};
			name = Debug;
		};
		B148A1F028830E000088BECA /* Release */ = {
			isa = XCBuildConfiguration;
			buildSettings = {
				CODE_SIGN_STYLE = Automatic;
				COMBINE_HIDPI_IMAGES = YES;
				CURRENT_PROJECT_VERSION = 1;
				DEFINES_MODULE = YES;
				DEVELOPMENT_TEAM = Y487CY958A;
				DYLIB_COMPATIBILITY_VERSION = 1;
				DYLIB_CURRENT_VERSION = 1;
				DYLIB_INSTALL_NAME_BASE = "@rpath";
				GENERATE_INFOPLIST_FILE = YES;
				INFOPLIST_KEY_NSHumanReadableCopyright = "";
				INSTALL_PATH = "$(LOCAL_LIBRARY_DIR)/Frameworks";
				LD_RUNPATH_SEARCH_PATHS = (
					"$(inherited)",
					"@executable_path/../Frameworks",
					"@loader_path/Frameworks",
				);
				MACOSX_DEPLOYMENT_TARGET = 12.3;
				MARKETING_VERSION = 1.0;
				PRODUCT_BUNDLE_IDENTIFIER = PaoloProdossimoLopes.Infra;
				PRODUCT_NAME = "$(TARGET_NAME:c99extidentifier)";
				SDKROOT = macosx;
				SKIP_INSTALL = YES;
				SWIFT_EMIT_LOC_STRINGS = YES;
				SWIFT_VERSION = 5.0;
			};
			name = Release;
		};
		B148A1F228830E000088BECA /* Debug */ = {
			isa = XCBuildConfiguration;
			buildSettings = {
				ALWAYS_EMBED_SWIFT_STANDARD_LIBRARIES = YES;
				CODE_SIGN_STYLE = Automatic;
				CURRENT_PROJECT_VERSION = 1;
				DEVELOPMENT_TEAM = Y487CY958A;
				GENERATE_INFOPLIST_FILE = YES;
				MACOSX_DEPLOYMENT_TARGET = 12.3;
				MARKETING_VERSION = 1.0;
				PRODUCT_BUNDLE_IDENTIFIER = PaoloProdossimoLopes.InfraTests;
				PRODUCT_NAME = "$(TARGET_NAME)";
				SDKROOT = macosx;
				SWIFT_EMIT_LOC_STRINGS = NO;
				SWIFT_VERSION = 5.0;
			};
			name = Debug;
		};
		B148A1F328830E000088BECA /* Release */ = {
			isa = XCBuildConfiguration;
			buildSettings = {
				ALWAYS_EMBED_SWIFT_STANDARD_LIBRARIES = YES;
				CODE_SIGN_STYLE = Automatic;
				CURRENT_PROJECT_VERSION = 1;
				DEVELOPMENT_TEAM = Y487CY958A;
				GENERATE_INFOPLIST_FILE = YES;
				MACOSX_DEPLOYMENT_TARGET = 12.3;
				MARKETING_VERSION = 1.0;
				PRODUCT_BUNDLE_IDENTIFIER = PaoloProdossimoLopes.InfraTests;
				PRODUCT_NAME = "$(TARGET_NAME)";
				SDKROOT = macosx;
				SWIFT_EMIT_LOC_STRINGS = NO;
				SWIFT_VERSION = 5.0;
			};
			name = Release;
		};
		B148A2152883565C0088BECA /* Debug */ = {
			isa = XCBuildConfiguration;
			buildSettings = {
				CODE_SIGN_STYLE = Automatic;
				CURRENT_PROJECT_VERSION = 1;
				DEVELOPMENT_TEAM = Y487CY958A;
				GENERATE_INFOPLIST_FILE = YES;
				MACOSX_DEPLOYMENT_TARGET = 12.3;
				MARKETING_VERSION = 1.0;
				PRODUCT_BUNDLE_IDENTIFIER = PaoloProdossimoLopes.UseCassesIntegrationTests;
				PRODUCT_NAME = "$(TARGET_NAME)";
				SDKROOT = macosx;
				SWIFT_EMIT_LOC_STRINGS = NO;
				SWIFT_VERSION = 5.0;
			};
			name = Debug;
		};
		B148A2162883565C0088BECA /* Release */ = {
			isa = XCBuildConfiguration;
			buildSettings = {
				CODE_SIGN_STYLE = Automatic;
				CURRENT_PROJECT_VERSION = 1;
				DEVELOPMENT_TEAM = Y487CY958A;
				GENERATE_INFOPLIST_FILE = YES;
				MACOSX_DEPLOYMENT_TARGET = 12.3;
				MARKETING_VERSION = 1.0;
				PRODUCT_BUNDLE_IDENTIFIER = PaoloProdossimoLopes.UseCassesIntegrationTests;
				PRODUCT_NAME = "$(TARGET_NAME)";
				SDKROOT = macosx;
				SWIFT_EMIT_LOC_STRINGS = NO;
				SWIFT_VERSION = 5.0;
			};
			name = Release;
		};
/* End XCBuildConfiguration section */

/* Begin XCConfigurationList section */
		B148A12E28811DD70088BECA /* Build configuration list for PBXProject "CleanApp" */ = {
			isa = XCConfigurationList;
			buildConfigurations = (
				B148A13B28811DD70088BECA /* Debug */,
				B148A13C28811DD70088BECA /* Release */,
			);
			defaultConfigurationIsVisible = 0;
			defaultConfigurationName = Release;
		};
		B148A14B28811EE40088BECA /* Build configuration list for PBXNativeTarget "Domain" */ = {
			isa = XCConfigurationList;
			buildConfigurations = (
				B148A14C28811EE40088BECA /* Debug */,
				B148A14D28811EE40088BECA /* Release */,
			);
			defaultConfigurationIsVisible = 0;
			defaultConfigurationName = Release;
		};
		B148A1B42881231F0088BECA /* Build configuration list for PBXNativeTarget "Data" */ = {
			isa = XCConfigurationList;
			buildConfigurations = (
				B148A1B02881231F0088BECA /* Debug */,
				B148A1B12881231F0088BECA /* Release */,
			);
			defaultConfigurationIsVisible = 0;
			defaultConfigurationName = Release;
		};
		B148A1B52881231F0088BECA /* Build configuration list for PBXNativeTarget "DataTests" */ = {
			isa = XCConfigurationList;
			buildConfigurations = (
				B148A1B22881231F0088BECA /* Debug */,
				B148A1B32881231F0088BECA /* Release */,
			);
			defaultConfigurationIsVisible = 0;
			defaultConfigurationName = Release;
		};
		B148A1EE28830E000088BECA /* Build configuration list for PBXNativeTarget "Infra" */ = {
			isa = XCConfigurationList;
			buildConfigurations = (
				B148A1EF28830E000088BECA /* Debug */,
				B148A1F028830E000088BECA /* Release */,
			);
			defaultConfigurationIsVisible = 0;
			defaultConfigurationName = Release;
		};
		B148A1F128830E000088BECA /* Build configuration list for PBXNativeTarget "InfraTests" */ = {
			isa = XCConfigurationList;
			buildConfigurations = (
				B148A1F228830E000088BECA /* Debug */,
				B148A1F328830E000088BECA /* Release */,
			);
			defaultConfigurationIsVisible = 0;
			defaultConfigurationName = Release;
		};
		B148A2142883565C0088BECA /* Build configuration list for PBXNativeTarget "UseCassesIntegrationTests" */ = {
			isa = XCConfigurationList;
			buildConfigurations = (
				B148A2152883565C0088BECA /* Debug */,
				B148A2162883565C0088BECA /* Release */,
			);
			defaultConfigurationIsVisible = 0;
			defaultConfigurationName = Release;
		};
/* End XCConfigurationList section */

/* Begin XCRemoteSwiftPackageReference section */
		B148A1FE288310C70088BECA /* XCRemoteSwiftPackageReference "Alamofire" */ = {
			isa = XCRemoteSwiftPackageReference;
			repositoryURL = "https://github.com/Alamofire/Alamofire.git";
			requirement = {
				kind = upToNextMajorVersion;
				minimumVersion = 5.0.0;
			};
		};
/* End XCRemoteSwiftPackageReference section */

/* Begin XCSwiftPackageProductDependency section */
		B148A201288311110088BECA /* Alamofire */ = {
			isa = XCSwiftPackageProductDependency;
			package = B148A1FE288310C70088BECA /* XCRemoteSwiftPackageReference "Alamofire" */;
			productName = Alamofire;
		};
/* End XCSwiftPackageProductDependency section */
	};
	rootObject = B148A12B28811DD70088BECA /* Project object */;
}
